github.com/bytedance/sonic v1.8.8 h1:Kj4BYKlMR51fHlzqn5upL8P0Yr2qog7yWXwK2qsdZw=
github.com/bytedance/sonic v1.8.8/go.mod h1:i736AoUSYt75HyZLoJW9ERYxcy6eaN6h74oZXIvztw=
github.com/davecgh/go-spew v1.1.1 h1:vj9j/u1bqnvCEfJOwUhtlOARqs3+rkHB8x9tx+aUQY=
github.com/davecgh/go-spew v1.1.1/go.mod h1:J7Y8YcW2NihsgmVo/mv3lAwl/skON4iLHjSsI+c5H7=
github.com/gabriel-vasile/mimetype v1.4.2 h1:w5qFW6JKBz9+DciDVrzToiWkqV24XEUndQ/k71Pnu8=
github.com/gabriel-vasile/mimetype v1.4.2/go.mod h1:slYQmqCWw6g3cBx0QxrStgH3vj1pGJ946GiRWLeDMg=
github.com/gin-contrib/sse v1.3.0 h1:r8F2GnOINDZklAYlEeY1/36TNOA4bAEYS6CJ/I1bQA=
github.com/gin-contrib/sse v1.3.0/go.mod h1:Ms+lEXQQWKn+xHwdAd7i8K2SqpsmB0LjwIoNU0DrCU=
github.com/gin-gonic/gin v1.9.1 h1:4idEAncQnU5cB7BeephG/b8l0KWqWhs60KxvjRu2ns=
github.com/gin-gonic/gin v1.9.1/go.mod h1:hPrL7YrpYKXt5YId3xLL2dBXqePPQWrvMsKF+BeLX8=
github.com/goccy/go-json v0.10.2 h1:CzwQkuMBJe2yTlzWjhUmAl6elastic1i14pnW7G7QsA=
github.com/goccy/go-json v0.10.2/go.mod h1:6MelG93GURQsLFVHDQt1dS1ZmCR1r7SgTIpxUEtMcE=
github.com/golang-jwt/jwt/v5 v5.0.0 h1:1n1XNM9hG1ijLwDL+EJ+e+GetHBLJNAaYN87kxzN8E=
github.com/golang-jwt/jwt/v5 v5.0.0/go.mod h1:pqrtFR0X4osieyHYxtmOUWsAWrfe1Q5UVIyoH402zkyM=
github.com/google/uuid v1.4.0 h1:MtMxsa51/r9ysSjOe7cXj8j94pj/v8q/8A5sxUmlQQ=
github.com/google/uuid v1.4.0/go.mod h1:TIyPZe4MgqvfeYDBFedMoGGpEw/LqOMSIeU6UqvyhI=
github.com/gorilla/websocket v1.5.0 h1:PPwGk2jz7EePpoHN/+ClbZu8L7J+a8j8smeruj74Ea=
github.com/gorilla/websocket v1.5.0/go.mod h1:YR8l3XQJksy7NtJ6d6CIC6DK3lHx0B8AKAKhX4F3QY=
github.com/joho/godotenv v1.5.1 h1:7P4SfwW0XfP+JOynP5Wk2FteVQ6OYzN+LziPNrK1V8=
github.com/joho/godotenv v1.5.1/go.mod h1:f4LDr5Voq0i2e/R5DDNOoa2zzDfwtkZa49PnqnWFaE=
github.com/json-iterator/go v1.1.12 h1:PV8peI4a0yS09DyWwRTrw2GGapCi/jmnVujG+e+KZg=
github.com/json-iterator/go v1.1.12/go.mod h1:e30LSqwooZae7zLUVJ3HTZzV9nC9Gn8/FzPl9eY8Ds=
github.com/jinzhu/inflection v1.0.0 h1:K7Ygta1zMj6kFd4ydC5j1oqLakaLEJ6EzqhHjKZ6xc=
github.com/jinzhu/inflection v1.0.0/go.mod h1:h+uFLlag+Qp1Va5pdKtLDYj+kHp5pxUVkryuiiKvnI=
github.com/jinzhu/now v1.1.5 h1:/o9tlvIAoxKUO6DBiLSks/gJVFullktg8G4+5SJjQ8=
github.com/jinzhu/now v1.1.5/go.mod h1:d3SSVoowX0Luu7isZeMs+WxKkZ70R6xvYsJ6YSlNKE=
github.com/klauspost/cpuid/v2 v2.2.4 h1:acbojRNwl3o09bUq+yDCtZNQcL+5x6y5QDJl1Nq7vc=
github.com/klauspost/cpuid/v2 v2.2.4/go.mod h1:RVVoqPKKyVlqZKkopi+SUX51IBm+5X4sDAQB4+b2xc=
github.com/leodido/go-urn v1.2.1 h1:BqpAaACuzVSgCbJ76jgbXvHbPjB2tciMiSJ+ZLJqGg=
github.com/leodido/go-urn v1.2.1/go.mod h1:zt4jvISO2xIIeVRRo56unrMoP/RdlA5l1XM+B+1rk=
github.com/mattn/go-isatty v0.0.19 h1:JITubQf0MNV4jCmtQauQBEY6fallen+P1F8+hvhR5do=
github.com/mattn/go-isatty v0.0.19/go.mod h1:W+V8PltTTMOvKvAeJH7IuMcm7mm4IujJ+i9mD8w9mE=
github.com/mattn/go-sqlite3 v1.14.18 h1:JL0eqdCWq6DJVNPSvArO/bIV9/P7fbGrV00LZHc+5Q=
github.com/mattn/go-sqlite3 v1.14.18/go.mod h1:NyWgC/yNuGj7Q9rpYRZvLf5ArGjbzl/VZreFnqM+Q4=
github.com/modern-go/concurrent v0.0.0-20180306012644-bacd9c7ef1dd h1:TRLaZ9cD2zzPOVJ6d3EVl842xFESxNNxY/FQnQvlY8=
github.com/modern-go/concurrent v0.0.0-20180306012644-bacd9c7ef1dd/go.mod h1:6dJC0mAP4ikYIZsLE7/a+VeKLAShJKL1ctwtztsfqA=
github.com/modern-go/reflect2 v1.0.2 h1:xBagoLtFs94CBntxluKeaWgTMpvLxC4ur3nMaC34Gk=
github.com/modern-go/reflect2 v1.0.2/go.mod h1:yWuCS7NRJ7XoJktoYW+2kBLWAxPN57+McIsBrw6NII=
github.com/pelletier/go-toml/v2 v2.0.8 h1:0ctb6s9mE31h0/lhu+J6OPmVP9BqJvwQI5nQCn7ssY=
github.com/pelletier/go-toml/v2 v2.0.8/go.mod h1:jMhrZnYkXVeIu7lh8P3gq57+mi6THfDJMLbUTTKzIY=
github.com/pmezard/go-difflib v1.0.0 h1:4DBwDE0NGyQoBHrk94Jbb8HS48LmYAMcY8uA8OwSD4=
github.com/pmezard/go-difflib v1.0.0/go.mod h1:iKH77koFhYxTK1pcRnkGLp+v6D1bHxHwwo5D8J0muk=
github.com/stretchr/testify v1.8.1 h1:w7B6lhMri9wdJUKccY2eby3/HM7gV76ileQNlrMr1g=
github.com/stretchr/testify v1.8.1/go.mod h1:w2LPCIKwDwSCZ+vhlci9ZL+UNUZKKwj33batvJj5I8=
github.com/ugorji/go/codec v1.2.11 h1:BMasSfgsDe0uPnGluiDEez+1zgNjC6xTIZ2KuxD6QI=
github.com/ugorji/go/codec v1.2.11/go.mod h1:UNzYvgyjvC5BQbETiYVuN3TmVlmE7+LqkKQRsvfMy4=
golang.org/x/crypto v0.15.0 h1:frVn1/feifZuqKs2K3ncSYy1g3iHHjntqKYLvqqGG8=
golang.org/x/crypto v0.15.0/go.mod h1:4ChreQoLWfG3xLDer1WdlH5NdpS3/3xnSoRMm5qQA8=
golang.org/x/net v0.17.0 h1:pVaXccu2ozPjCXewfr1S7xza/zcJtSSvYDn4mvwL7I=
golang.org/x/net v0.17.0/go.mod h1:NxSsAGuq816PNPmqtQdLE42eU2Fs7NoRIZrHJAlaCj=
golang.org/x/sys v0.6.0 h1:MVltZSvRTcU2ljQOhs94SXPftV6DCNnYozavxHgMo0=
golang.org/x/sys v0.6.0/go.mod h1:oPkhp1MJrh7nUepCax/m5hudZWyXrgpH+0v0T7s1os=
golang.org/x/text v0.13.0 h1:ablQoSUd0tRdKxZTKqQ2kCRfSyaqXArptPKVfUk3u8=
golang.org/x/text v0.13.0/go.mod h1:TvPlkZIkXiCA4-LwwxccQJrqMVftaL1PSqaFlfEcqI=
google.golang.org/protobuf v1.30.0 h1:kPPoIgf3TsEvrm0PFe15JQ+570QVxYzEvvHqChK+cM=
google.golang.org/protobuf v1.30.0/go.mod h1:kPPoIgf3TsEvrm0PFe15JQ+570QVxYzEvvHqChK+cM=
gopkg.in/yaml.v3 v3.0.1 h1:fxVm/GzuluF9tY9zchn4FJeFLb2diA+kG3mgeNPquo=
gopkg.in/yaml.v3 v3.0.1/go.mod h1:K4uyk7z7BCEPmbH37Y+KPrZJqPXQRlSupcVc20kO+8=
gorm.io/driver/sqlite v1.5.2 h1:TpQ+/dqCY4ucdKQSWlkBVzfnZmnvjCGm6mbtcrAFkU=
gorm.io/driver/sqlite v1.5.2/go.mod h1:qyvQK3LyTayx1S9tb0/+R5BL5vDcKDeBeEb/8dNyzc=
gorm.io/gorm v1.25.4 h1:iyNd8fNqWKYV8XSoJseSZOy+KiRgucIsLwIrdsnaxk=
gorm.io/gorm v1.25.4/go.mod h1:L4uxeKpfZ0EBFkspPhH2KYqLrgdwyjqMJeV7yMVApo=
